
Microsoft Visual Studio Solution File, Format Version 12.00
# Visual Studio Version 16
VisualStudioVersion = 16.0.30223.230
MinimumVisualStudioVersion = 10.0.40219.1
Project("{9A19103F-16F7-4668-BE54-9A1E7A4F7556}") = "HRA", "HRA\HRA.csproj", "{0826312A-4636-4C2C-8A73-E46FC4278B03}"
EndProject
Project("{9A19103F-16F7-4668-BE54-9A1E7A4F7556}") = "HRA.Common", "HRA.Common\HRA.Common.csproj", "{BA26673C-8C14-42DE-AC83-08618469BAF5}"
EndProject
Project("{9A19103F-16F7-4668-BE54-9A1E7A4F7556}") = "HRA.DAL", "HRA.DAL\HRA.DAL.csproj", "{F13E8BD4-6227-46B8-9E14-5D5FFB4E5CC0}"
EndProject
Project("{9A19103F-16F7-4668-BE54-9A1E7A4F7556}") = "HRA.BLL", "HRA.BLL\HRA.BLL.csproj", "{9DAD18B4-4B13-45EA-88BA-45671860E910}"
EndProject
Project("{FAE04EC0-301F-11D3-BF4B-00C04F79EFBC}") = "HRA.Web", "HRA.Web\HRA.Web.csproj", "{A732637E-0C6B-4196-A951-FF78CEBE6267}"
EndProject
Global
	GlobalSection(SolutionConfigurationPlatforms) = preSolution
		Debug|Any CPU = Debug|Any CPU
		Release|Any CPU = Release|Any CPU
	EndGlobalSection
	GlobalSection(ProjectConfigurationPlatforms) = postSolution
		{0826312A-4636-4C2C-8A73-E46FC4278B03}.Debug|Any CPU.ActiveCfg = Debug|Any CPU
		{0826312A-4636-4C2C-8A73-E46FC4278B03}.Debug|Any CPU.Build.0 = Debug|Any CPU
		{0826312A-4636-4C2C-8A73-E46FC4278B03}.Release|Any CPU.ActiveCfg = Release|Any CPU
		{0826312A-4636-4C2C-8A73-E46FC4278B03}.Release|Any CPU.Build.0 = Release|Any CPU
		{BA26673C-8C14-42DE-AC83-08618469BAF5}.Debug|Any CPU.ActiveCfg = Debug|Any CPU
		{BA26673C-8C14-42DE-AC83-08618469BAF5}.Debug|Any CPU.Build.0 = Debug|Any CPU
		{BA26673C-8C14-42DE-AC83-08618469BAF5}.Release|Any CPU.ActiveCfg = Release|Any CPU
		{BA26673C-8C14-42DE-AC83-08618469BAF5}.Release|Any CPU.Build.0 = Release|Any CPU
		{F13E8BD4-6227-46B8-9E14-5D5FFB4E5CC0}.Debug|Any CPU.ActiveCfg = Debug|Any CPU
		{F13E8BD4-6227-46B8-9E14-5D5FFB4E5CC0}.Debug|Any CPU.Build.0 = Debug|Any CPU
		{F13E8BD4-6227-46B8-9E14-5D5FFB4E5CC0}.Release|Any CPU.ActiveCfg = Release|Any CPU
		{F13E8BD4-6227-46B8-9E14-5D5FFB4E5CC0}.Release|Any CPU.Build.0 = Release|Any CPU
		{9DAD18B4-4B13-45EA-88BA-45671860E910}.Debug|Any CPU.ActiveCfg = Debug|Any CPU
		{9DAD18B4-4B13-45EA-88BA-45671860E910}.Debug|Any CPU.Build.0 = Debug|Any CPU
		{9DAD18B4-4B13-45EA-88BA-45671860E910}.Release|Any CPU.ActiveCfg = Release|Any CPU
		{9DAD18B4-4B13-45EA-88BA-45671860E910}.Release|Any CPU.Build.0 = Release|Any CPU
		{A732637E-0C6B-4196-A951-FF78CEBE6267}.Debug|Any CPU.ActiveCfg = Debug|Any CPU
		{A732637E-0C6B-4196-A951-FF78CEBE6267}.Debug|Any CPU.Build.0 = Debug|Any CPU
		{A732637E-0C6B-4196-A951-FF78CEBE6267}.Release|Any CPU.ActiveCfg = Release|Any CPU
		{A732637E-0C6B-4196-A951-FF78CEBE6267}.Release|Any CPU.Build.0 = Release|Any CPU
	EndGlobalSection
	GlobalSection(SolutionProperties) = preSolution
		HideSolutionNode = FALSE
	EndGlobalSection
	GlobalSection(ExtensibilityGlobals) = postSolution
		SolutionGuid = {2E759BF9-FB1C-4294-86D8-E7084C72553B}
	EndGlobalSection
EndGlobal
